{
  "name": "watch_refresh",
  "version": "0.0.2",
  "lockfileVersion": 1,
  "requires": true,
  "dependencies": {
    "on-file-change": {
      "version": "0.1.0",
      "resolved": "https://registry.npmjs.org/on-file-change/-/on-file-change-0.1.0.tgz",
      "integrity": "sha1-Ve4VZBfihblWM4dmGWdeG/5vRKs="
    },
    "watch_reapp": {
      "version": "1.0.10",
      "resolved": "https://registry.npmjs.org/watch_reapp/-/watch_reapp-1.0.10.tgz",
      "integrity": "sha512-8e6JhHUbzfZ7ETb5APc7xmPPccngPh7cCj5l3SEEcCEi8NiJ7bsNFM4mcyLZ8RE/RrTPGng4BF4sykRtSnZYPg==",
      "requires": {
        "on-file-change": "0.1.0"
      }
    }
  }
}
